
Microsoft Visual Studio Solution File, Format Version 12.00
# Visual Studio 2012
Project("{FAE04EC0-301F-11D3-BF4B-00C04F79EFBC}") = "XFExamples.Android", "XFExamples.Android\XFExamples.Android.csproj", "{A88DFD06-D910-42B8-8CE7-089B2F2E0404}"
EndProject
Project("{FAE04EC0-301F-11D3-BF4B-00C04F79EFBC}") = "XFExamples.iOS", "XFExamples.iOS\XFExamples.iOS.csproj", "{D9685D6B-BBBF-4DA7-B5BA-5F1E17318497}"
EndProject
Project("{FAE04EC0-301F-11D3-BF4B-00C04F79EFBC}") = "XFExamples", "XFExamples\XFExamples.csproj", "{648E1255-3F83-4EAD-A2CF-DB9A1B27BDF2}"
EndProject
Global
	GlobalSection(SolutionConfigurationPlatforms) = preSolution
		Debug|Any CPU = Debug|Any CPU
		Release|Any CPU = Release|Any CPU
		Debug|iPhoneSimulator = Debug|iPhoneSimulator
		Release|iPhoneSimulator = Release|iPhoneSimulator
		Debug|iPhone = Debug|iPhone
		Release|iPhone = Release|iPhone
		Ad-Hoc|iPhone = Ad-Hoc|iPhone
		AppStore|iPhone = AppStore|iPhone
	EndGlobalSection
	GlobalSection(ProjectConfigurationPlatforms) = postSolution
		{A88DFD06-D910-42B8-8CE7-089B2F2E0404}.Debug|Any CPU.ActiveCfg = Debug|Any CPU
		{A88DFD06-D910-42B8-8CE7-089B2F2E0404}.Debug|Any CPU.Build.0 = Debug|Any CPU
		{A88DFD06-D910-42B8-8CE7-089B2F2E0404}.Release|Any CPU.ActiveCfg = Release|Any CPU
		{A88DFD06-D910-42B8-8CE7-089B2F2E0404}.Release|Any CPU.Build.0 = Release|Any CPU
		{A88DFD06-D910-42B8-8CE7-089B2F2E0404}.Debug|iPhoneSimulator.ActiveCfg = Debug|Any CPU
		{A88DFD06-D910-42B8-8CE7-089B2F2E0404}.Debug|iPhoneSimulator.Build.0 = Debug|Any CPU
		{A88DFD06-D910-42B8-8CE7-089B2F2E0404}.Release|iPhoneSimulator.ActiveCfg = Release|Any CPU
		{A88DFD06-D910-42B8-8CE7-089B2F2E0404}.Release|iPhoneSimulator.Build.0 = Release|Any CPU
		{A88DFD06-D910-42B8-8CE7-089B2F2E0404}.Debug|iPhone.ActiveCfg = Debug|Any CPU
		{A88DFD06-D910-42B8-8CE7-089B2F2E0404}.Debug|iPhone.Build.0 = Debug|Any CPU
		{A88DFD06-D910-42B8-8CE7-089B2F2E0404}.Release|iPhone.ActiveCfg = Release|Any CPU
		{A88DFD06-D910-42B8-8CE7-089B2F2E0404}.Release|iPhone.Build.0 = Release|Any CPU
		{A88DFD06-D910-42B8-8CE7-089B2F2E0404}.Ad-Hoc|iPhone.ActiveCfg = Debug|Any CPU
		{A88DFD06-D910-42B8-8CE7-089B2F2E0404}.Ad-Hoc|iPhone.Build.0 = Debug|Any CPU
		{A88DFD06-D910-42B8-8CE7-089B2F2E0404}.AppStore|iPhone.ActiveCfg = Debug|Any CPU
		{A88DFD06-D910-42B8-8CE7-089B2F2E0404}.AppStore|iPhone.Build.0 = Debug|Any CPU
		{D9685D6B-BBBF-4DA7-B5BA-5F1E17318497}.Debug|Any CPU.ActiveCfg = Debug|iPhoneSimulator
		{D9685D6B-BBBF-4DA7-B5BA-5F1E17318497}.Debug|Any CPU.Build.0 = Debug|iPhoneSimulator
		{D9685D6B-BBBF-4DA7-B5BA-5F1E17318497}.Release|Any CPU.ActiveCfg = Release|iPhoneSimulator
		{D9685D6B-BBBF-4DA7-B5BA-5F1E17318497}.Release|Any CPU.Build.0 = Release|iPhoneSimulator
		{D9685D6B-BBBF-4DA7-B5BA-5F1E17318497}.Debug|iPhoneSimulator.ActiveCfg = Debug|iPhoneSimulator
		{D9685D6B-BBBF-4DA7-B5BA-5F1E17318497}.Debug|iPhoneSimulator.Build.0 = Debug|iPhoneSimulator
		{D9685D6B-BBBF-4DA7-B5BA-5F1E17318497}.Release|iPhoneSimulator.ActiveCfg = Release|iPhoneSimulator
		{D9685D6B-BBBF-4DA7-B5BA-5F1E17318497}.Release|iPhoneSimulator.Build.0 = Release|iPhoneSimulator
		{D9685D6B-BBBF-4DA7-B5BA-5F1E17318497}.Debug|iPhone.ActiveCfg = Debug|iPhone
		{D9685D6B-BBBF-4DA7-B5BA-5F1E17318497}.Debug|iPhone.Build.0 = Debug|iPhone
		{D9685D6B-BBBF-4DA7-B5BA-5F1E17318497}.Release|iPhone.ActiveCfg = Release|iPhone
		{D9685D6B-BBBF-4DA7-B5BA-5F1E17318497}.Release|iPhone.Build.0 = Release|iPhone
		{D9685D6B-BBBF-4DA7-B5BA-5F1E17318497}.Ad-Hoc|iPhone.ActiveCfg = Ad-Hoc|iPhone
		{D9685D6B-BBBF-4DA7-B5BA-5F1E17318497}.Ad-Hoc|iPhone.Build.0 = Ad-Hoc|iPhone
		{D9685D6B-BBBF-4DA7-B5BA-5F1E17318497}.AppStore|iPhone.ActiveCfg = AppStore|iPhone
		{D9685D6B-BBBF-4DA7-B5BA-5F1E17318497}.AppStore|iPhone.Build.0 = AppStore|iPhone
		{648E1255-3F83-4EAD-A2CF-DB9A1B27BDF2}.Debug|Any CPU.ActiveCfg = Debug|Any CPU
		{648E1255-3F83-4EAD-A2CF-DB9A1B27BDF2}.Debug|Any CPU.Build.0 = Debug|Any CPU
		{648E1255-3F83-4EAD-A2CF-DB9A1B27BDF2}.Release|Any CPU.ActiveCfg = Release|Any CPU
		{648E1255-3F83-4EAD-A2CF-DB9A1B27BDF2}.Release|Any CPU.Build.0 = Release|Any CPU
		{648E1255-3F83-4EAD-A2CF-DB9A1B27BDF2}.Debug|iPhoneSimulator.ActiveCfg = Debug|Any CPU
		{648E1255-3F83-4EAD-A2CF-DB9A1B27BDF2}.Debug|iPhoneSimulator.Build.0 = Debug|Any CPU
		{648E1255-3F83-4EAD-A2CF-DB9A1B27BDF2}.Release|iPhoneSimulator.ActiveCfg = Release|Any CPU
		{648E1255-3F83-4EAD-A2CF-DB9A1B27BDF2}.Release|iPhoneSimulator.Build.0 = Release|Any CPU
		{648E1255-3F83-4EAD-A2CF-DB9A1B27BDF2}.Debug|iPhone.ActiveCfg = Debug|Any CPU
		{648E1255-3F83-4EAD-A2CF-DB9A1B27BDF2}.Debug|iPhone.Build.0 = Debug|Any CPU
		{648E1255-3F83-4EAD-A2CF-DB9A1B27BDF2}.Release|iPhone.ActiveCfg = Release|Any CPU
		{648E1255-3F83-4EAD-A2CF-DB9A1B27BDF2}.Release|iPhone.Build.0 = Release|Any CPU
		{648E1255-3F83-4EAD-A2CF-DB9A1B27BDF2}.Ad-Hoc|iPhone.ActiveCfg = Debug|Any CPU
		{648E1255-3F83-4EAD-A2CF-DB9A1B27BDF2}.Ad-Hoc|iPhone.Build.0 = Debug|Any CPU
		{648E1255-3F83-4EAD-A2CF-DB9A1B27BDF2}.AppStore|iPhone.ActiveCfg = Debug|Any CPU
		{648E1255-3F83-4EAD-A2CF-DB9A1B27BDF2}.AppStore|iPhone.Build.0 = Debug|Any CPU
	EndGlobalSection
EndGlobal
